
Microsoft Visual Studio Solution File, Format Version 12.00
# Visual Studio Version 17
VisualStudioVersion = 17.7.34024.191
MinimumVisualStudioVersion = 10.0.40219.1
Project("{FAE04EC0-301F-11D3-BF4B-00C04F79EFBC}") = "Cuenta_Movimiento", "Cuenta_Movimiento.csproj", "{5D6EA63D-A08B-4DA5-A37B-77090EDDF0F6}"
EndProject
Global
	GlobalSection(SolutionConfigurationPlatforms) = preSolution
		Debug|Any CPU = Debug|Any CPU
		Release|Any CPU = Release|Any CPU
	EndGlobalSection
	GlobalSection(ProjectConfigurationPlatforms) = postSolution
		{5D6EA63D-A08B-4DA5-A37B-77090EDDF0F6}.Debug|Any CPU.ActiveCfg = Debug|Any CPU
		{5D6EA63D-A08B-4DA5-A37B-77090EDDF0F6}.Debug|Any CPU.Build.0 = Debug|Any CPU
		{5D6EA63D-A08B-4DA5-A37B-77090EDDF0F6}.Release|Any CPU.ActiveCfg = Release|Any CPU
		{5D6EA63D-A08B-4DA5-A37B-77090EDDF0F6}.Release|Any CPU.Build.0 = Release|Any CPU
	EndGlobalSection
	GlobalSection(SolutionProperties) = preSolution
		HideSolutionNode = FALSE
	EndGlobalSection
	GlobalSection(ExtensibilityGlobals) = postSolution
		SolutionGuid = {E3251ED9-2845-433D-9288-80949CDC1AAE}
	EndGlobalSection
EndGlobal
